
Microsoft Visual Studio Solution File, Format Version 12.00
# Visual Studio Version 16
VisualStudioVersion = 16.0.29411.108
MinimumVisualStudioVersion = 10.0.40219.1
Project("{9A19103F-16F7-4668-BE54-9A1E7A4F7556}") = "JestProWeb", "JesTpro.Web\JestProWeb.csproj", "{FCDDE712-A44E-42BE-B622-074E8F901458}"
EndProject
Global
	GlobalSection(SolutionConfigurationPlatforms) = preSolution
		Debug|Any CPU = Debug|Any CPU
		Release|Any CPU = Release|Any CPU
	EndGlobalSection
	GlobalSection(ProjectConfigurationPlatforms) = postSolution
		{FCDDE712-A44E-42BE-B622-074E8F901458}.Debug|Any CPU.ActiveCfg = Debug|Any CPU
		{FCDDE712-A44E-42BE-B622-074E8F901458}.Debug|Any CPU.Build.0 = Debug|Any CPU
		{FCDDE712-A44E-42BE-B622-074E8F901458}.Release|Any CPU.ActiveCfg = Release|Any CPU
		{FCDDE712-A44E-42BE-B622-074E8F901458}.Release|Any CPU.Build.0 = Release|Any CPU
	EndGlobalSection
	GlobalSection(SolutionProperties) = preSolution
		HideSolutionNode = FALSE
	EndGlobalSection
	GlobalSection(ExtensibilityGlobals) = postSolution
		SolutionGuid = {5EE0317B-1412-48C2-8B87-FE75947BBC3C}
	EndGlobalSection
EndGlobal
